
Microsoft Visual Studio Solution File, Format Version 12.00
# Visual Studio Version 17
VisualStudioVersion = 17.0.31903.59
MinimumVisualStudioVersion = 10.0.40219.1
Project("{FAE04EC0-301F-11D3-BF4B-00C04F79EFBC}") = "Lab17", "Lab17\Lab17.csproj", "{F14E6547-954A-4BFF-A6FF-AC5E6AFEA656}"
EndProject
Global
	GlobalSection(SolutionConfigurationPlatforms) = preSolution
		Debug|Any CPU = Debug|Any CPU
		Release|Any CPU = Release|Any CPU
	EndGlobalSection
	GlobalSection(ProjectConfigurationPlatforms) = postSolution
		{F14E6547-954A-4BFF-A6FF-AC5E6AFEA656}.Debug|Any CPU.ActiveCfg = Debug|Any CPU
		{F14E6547-954A-4BFF-A6FF-AC5E6AFEA656}.Debug|Any CPU.Build.0 = Debug|Any CPU
		{F14E6547-954A-4BFF-A6FF-AC5E6AFEA656}.Release|Any CPU.ActiveCfg = Release|Any CPU
		{F14E6547-954A-4BFF-A6FF-AC5E6AFEA656}.Release|Any CPU.Build.0 = Release|Any CPU
	EndGlobalSection
	GlobalSection(SolutionProperties) = preSolution
		HideSolutionNode = FALSE
	EndGlobalSection
	GlobalSection(ExtensibilityGlobals) = postSolution
		SolutionGuid = {F53F3C15-0C8E-4676-815D-59A583D299C9}
	EndGlobalSection
EndGlobal
